
Microsoft Visual Studio Solution File, Format Version 12.00
# Visual Studio 15
VisualStudioVersion = 15.0.28307.489
MinimumVisualStudioVersion = 10.0.40219.1
Project("{FAE04EC0-301F-11D3-BF4B-00C04F79EFBC}") = "TextProcessor1", "TextProcessor1\TextProcessor1.csproj", "{B1EB002F-C031-40E4-BA85-A2C5F99ECA9D}"
EndProject
Global
	GlobalSection(SolutionConfigurationPlatforms) = preSolution
		Debug|Any CPU = Debug|Any CPU
		Release|Any CPU = Release|Any CPU
	EndGlobalSection
	GlobalSection(ProjectConfigurationPlatforms) = postSolution
		{B1EB002F-C031-40E4-BA85-A2C5F99ECA9D}.Debug|Any CPU.ActiveCfg = Debug|Any CPU
		{B1EB002F-C031-40E4-BA85-A2C5F99ECA9D}.Debug|Any CPU.Build.0 = Debug|Any CPU
		{B1EB002F-C031-40E4-BA85-A2C5F99ECA9D}.Release|Any CPU.ActiveCfg = Release|Any CPU
		{B1EB002F-C031-40E4-BA85-A2C5F99ECA9D}.Release|Any CPU.Build.0 = Release|Any CPU
	EndGlobalSection
	GlobalSection(SolutionProperties) = preSolution
		HideSolutionNode = FALSE
	EndGlobalSection
	GlobalSection(ExtensibilityGlobals) = postSolution
		SolutionGuid = {7EBEFD4E-911E-4C22-9233-C577BE601278}
	EndGlobalSection
EndGlobal
